
Microsoft Visual Studio Solution File, Format Version 12.00
# Visual Studio Version 17
VisualStudioVersion = 17.6.33815.320
MinimumVisualStudioVersion = 10.0.40219.1
Project("{9A19103F-16F7-4668-BE54-9A1E7A4F7556}") = "OnlineStore", "OnlineStore\OnlineStore.csproj", "{ED1C17A6-30C2-49FE-991A-A6F8AD6ABDDC}"
EndProject
Global
	GlobalSection(SolutionConfigurationPlatforms) = preSolution
		Debug|Any CPU = Debug|Any CPU
		Release|Any CPU = Release|Any CPU
	EndGlobalSection
	GlobalSection(ProjectConfigurationPlatforms) = postSolution
		{ED1C17A6-30C2-49FE-991A-A6F8AD6ABDDC}.Debug|Any CPU.ActiveCfg = Debug|Any CPU
		{ED1C17A6-30C2-49FE-991A-A6F8AD6ABDDC}.Debug|Any CPU.Build.0 = Debug|Any CPU
		{ED1C17A6-30C2-49FE-991A-A6F8AD6ABDDC}.Release|Any CPU.ActiveCfg = Release|Any CPU
		{ED1C17A6-30C2-49FE-991A-A6F8AD6ABDDC}.Release|Any CPU.Build.0 = Release|Any CPU
	EndGlobalSection
	GlobalSection(SolutionProperties) = preSolution
		HideSolutionNode = FALSE
	EndGlobalSection
	GlobalSection(ExtensibilityGlobals) = postSolution
		SolutionGuid = {C90C6B2A-FC19-4A19-92F8-B101D0CD9C64}
	EndGlobalSection
EndGlobal
